{
  "name": "teseract-reactivejs",
  "version": "1.0.1",
  "lockfileVersion": 3,
  "requires": true,
  "packages": {
    "": {
      "name": "teseract-reactivejs",
      "version": "1.0.1",
      "license": "MIT",
      "dependencies": {
        "teseract-domqueryjs": "^1.0.1",
        "teseract-reactivejs": "file:"
      }
    },
    "node_modules/teseract-domqueryjs": {
      "version": "1.0.1",
      "resolved": "https://registry.npmjs.org/teseract-domqueryjs/-/teseract-domqueryjs-1.0.1.tgz",
      "integrity": "sha512-1VEq8KV29d7KIfwz2XWP/7MrhzQWMSqWUl03ozfuOYI3DB20riH4nJ1A6Xp/7nI7PEvsuBD0KDShthiVaJlY2A==",
      "dependencies": {
        "teseract-reactivejs": "^1.0.0"
      }
    },
    "node_modules/teseract-reactivejs": {
      "resolved": "",
      "link": true
    }
  }
}
